
Microsoft Visual Studio Solution File, Format Version 12.00
# Visual Studio Version 16
VisualStudioVersion = 16.0.29418.71
MinimumVisualStudioVersion = 10.0.40219.1
Project("{9A19103F-16F7-4668-BE54-9A1E7A4F7556}") = "DelimitedSeperatedValueTextParsers", "DelimitedSeperatedValueTextParsers\DelimitedSeperatedValueTextParsers.csproj", "{2B87F047-DFB1-49BB-ACB6-9F31AC49854B}"
EndProject
Project("{FAE04EC0-301F-11D3-BF4B-00C04F79EFBC}") = "DelimitedSeperatedValueTextParsers.Tests", "DelimitedSeperatedValueTextParsers.Tests\DelimitedSeperatedValueTextParsers.Tests.csproj", "{DDAB0690-068F-4ADD-9803-C5CFA51534E9}"
EndProject
Global
	GlobalSection(SolutionConfigurationPlatforms) = preSolution
		Debug|Any CPU = Debug|Any CPU
		Release|Any CPU = Release|Any CPU
	EndGlobalSection
	GlobalSection(ProjectConfigurationPlatforms) = postSolution
		{2B87F047-DFB1-49BB-ACB6-9F31AC49854B}.Debug|Any CPU.ActiveCfg = Debug|Any CPU
		{2B87F047-DFB1-49BB-ACB6-9F31AC49854B}.Debug|Any CPU.Build.0 = Debug|Any CPU
		{2B87F047-DFB1-49BB-ACB6-9F31AC49854B}.Release|Any CPU.ActiveCfg = Release|Any CPU
		{2B87F047-DFB1-49BB-ACB6-9F31AC49854B}.Release|Any CPU.Build.0 = Release|Any CPU
		{DDAB0690-068F-4ADD-9803-C5CFA51534E9}.Debug|Any CPU.ActiveCfg = Debug|Any CPU
		{DDAB0690-068F-4ADD-9803-C5CFA51534E9}.Debug|Any CPU.Build.0 = Debug|Any CPU
		{DDAB0690-068F-4ADD-9803-C5CFA51534E9}.Release|Any CPU.ActiveCfg = Release|Any CPU
		{DDAB0690-068F-4ADD-9803-C5CFA51534E9}.Release|Any CPU.Build.0 = Release|Any CPU
	EndGlobalSection
	GlobalSection(SolutionProperties) = preSolution
		HideSolutionNode = FALSE
	EndGlobalSection
	GlobalSection(ExtensibilityGlobals) = postSolution
		SolutionGuid = {E1E3BDF1-B4EB-4A17-A843-083E905BB1AB}
	EndGlobalSection
EndGlobal
